<?xml version="1.0" encoding="utf-8"?>
<Project ToolsVersion="4.0" xmlns="http://schemas.microsoft.com/developer/msbuild/2003">
  <ItemGroup>
    <Filter Include="dataset">
      <UniqueIdentifier>{7a2a5d9c-656c-4b09-aaca-09d1f07635c4}</UniqueIdentifier>
    </Filter>
    <Filter Include="tools">
      <UniqueIdentifier>{13c365c1-87d7-4d94-999d-3452951a317c}</UniqueIdentifier>
    </Filter>
    <Filter Include="dataset\node">
      <UniqueIdentifier>{6f6c22eb-ece4-4d0a-b7c1-9b707c08ed93}</UniqueIdentifier>
    </Filter>
    <Filter Include="tools\rtti">
      <UniqueIdentifier>{68067587-2bca-4c27-be50-e376687f544e}</UniqueIdentifier>
    </Filter>
    <Filter Include="nodes">
      <UniqueIdentifier>{45f34ca3-abbf-4628-bb9d-c3281bad8d98}</UniqueIdentifier>
    </Filter>
    <Filter Include="nodes\generators">
      <UniqueIdentifier>{93ef1c1d-03eb-48c1-bd26-f593002f2b7e}</UniqueIdentifier>
    </Filter>
    <Filter Include="nodes\generators\noises">
      <UniqueIdentifier>{2704b72f-5e3c-4a4a-9ec4-c170a4f0c369}</UniqueIdentifier>
    </Filter>
    <Filter Include="dataset\image">
      <UniqueIdentifier>{b8cfc68b-0b06-4613-b74c-bab82187bb6b}</UniqueIdentifier>
    </Filter>
  </ItemGroup>
  <ItemGroup>
    <ClInclude Include="..\..\..\include\sd\typedef.h" />
    <ClInclude Include="..\..\..\include\sd\Node.h">
      <Filter>dataset\node</Filter>
    </ClInclude>
    <ClInclude Include="..\..\..\include\sd\NodeHelper.h">
      <Filter>tools</Filter>
    </ClInclude>
    <ClInclude Include="..\..\..\include\sd\SD.h" />
    <ClInclude Include="..\..\..\include\sd\node_include_gen.h">
      <Filter>tools\rtti</Filter>
    </ClInclude>
    <ClInclude Include="..\..\..\include\sd\node_rttr_gen.h">
      <Filter>tools\rtti</Filter>
    </ClInclude>
    <ClInclude Include="..\..\..\include\sd\node_regist_cfg.h">
      <Filter>tools\rtti</Filter>
    </ClInclude>
    <ClInclude Include="..\..\..\include\sd\node\PerlinNoise.h">
      <Filter>nodes\generators\noises</Filter>
    </ClInclude>
    <ClInclude Include="..\..\..\include\sd\node\PerlinNoise.parm.h">
      <Filter>nodes\generators\noises</Filter>
    </ClInclude>
    <ClInclude Include="..\..\..\include\sd\Image.h">
      <Filter>dataset\image</Filter>
    </ClInclude>
    <ClInclude Include="..\..\..\include\sd\NodeVarType.h">
      <Filter>dataset\node</Filter>
    </ClInclude>
  </ItemGroup>
  <ItemGroup>
    <ClCompile Include="..\..\..\source\RegistRTTR.cpp">
      <Filter>tools\rtti</Filter>
    </ClCompile>
    <ClCompile Include="..\..\..\source\Node.cpp">
      <Filter>dataset\node</Filter>
    </ClCompile>
    <ClCompile Include="..\..\..\source\NodeHelper.cpp">
      <Filter>tools</Filter>
    </ClCompile>
    <ClCompile Include="..\..\..\source\SD.cpp" />
    <ClCompile Include="..\..\..\source\node\PerlinNoise.cpp">
      <Filter>nodes\generators\noises</Filter>
    </ClCompile>
    <ClCompile Include="..\..\..\source\Image.cpp">
      <Filter>dataset\image</Filter>
    </ClCompile>
  </ItemGroup>
</Project>